// !$*UTF8*$!
{
	archiveVersion = 1;
	classes = {
	};
	objectVersion = 77;
	objects = {

/* Begin PBXContainerItemProxy section */
		B77FE4942DA30CBF005E2A5E /* PBXContainerItemProxy */ = {
			isa = PBXContainerItemProxy;
			containerPortal = B77FE47E2DA30CBC005E2A5E /* Project object */;
			proxyType = 1;
			remoteGlobalIDString = B77FE4852DA30CBC005E2A5E;
			remoteInfo = QuickTip;
		};
		B77FE49E2DA30CBF005E2A5E /* PBXContainerItemProxy */ = {
			isa = PBXContainerItemProxy;
			containerPortal = B77FE47E2DA30CBC005E2A5E /* Project object */;
			proxyType = 1;
			remoteGlobalIDString = B77FE4852DA30CBC005E2A5E;
			remoteInfo = QuickTip;
		};
/* End PBXContainerItemProxy section */

/* Begin PBXFileReference section */
		B77FE4862DA30CBC005E2A5E /* QuickTip.app */ = {isa = PBXFileReference; explicitFileType = wrapper.application; includeInIndex = 0; path = QuickTip.app; sourceTree = BUILT_PRODUCTS_DIR; };
		B77FE4932DA30CBF005E2A5E /* QuickTipTests.xctest */ = {isa = PBXFileReference; explicitFileType = wrapper.cfbundle; includeInIndex = 0; path = QuickTipTests.xctest; sourceTree = BUILT_PRODUCTS_DIR; };
		B77FE49D2DA30CBF005E2A5E /* QuickTipUITests.xctest */ = {isa = PBXFileReference; explicitFileType = wrapper.cfbundle; includeInIndex = 0; path = QuickTipUITests.xctest; sourceTree = BUILT_PRODUCTS_DIR; };
/* End PBXFileReference section */

/* Begin PBXFileSystemSynchronizedRootGroup section */
		B77FE4882DA30CBC005E2A5E /* QuickTip */ = {
			isa = PBXFileSystemSynchronizedRootGroup;
			path = QuickTip;
			sourceTree = "<group>";
		};
		B77FE4962DA30CBF005E2A5E /* QuickTipTests */ = {
			isa = PBXFileSystemSynchronizedRootGroup;
			path = QuickTipTests;
			sourceTree = "<group>";
		};
		B77FE4A02DA30CBF005E2A5E /* QuickTipUITests */ = {
			isa = PBXFileSystemSynchronizedRootGroup;
			path = QuickTipUITests;
			sourceTree = "<group>";
		};
/* End PBXFileSystemSynchronizedRootGroup section */

/* Begin PBXFrameworksBuildPhase section */
		B77FE4832DA30CBC005E2A5E /* Frameworks */ = {
			isa = PBXFrameworksBuildPhase;
			buildActionMask = 2147483647;
			files = (
			);
			runOnlyForDeploymentPostprocessing = 0;
		};
		B77FE4902DA30CBF005E2A5E /* Frameworks */ = {
			isa = PBXFrameworksBuildPhase;
			buildActionMask = 2147483647;
			files = (
			);
			runOnlyForDeploymentPostprocessing = 0;
		};
		B77FE49A2DA30CBF005E2A5E /* Frameworks */ = {
			isa = PBXFrameworksBuildPhase;
			buildActionMask = 2147483647;
			files = (
			);
			runOnlyForDeploymentPostprocessing = 0;
		};
/* End PBXFrameworksBuildPhase section */

/* Begin PBXGroup section */
		B77FE47D2DA30CBC005E2A5E = {
			isa = PBXGroup;
			children = (
				B77FE4882DA30CBC005E2A5E /* QuickTip */,
				B77FE4962DA30CBF005E2A5E /* QuickTipTests */,
				B77FE4A02DA30CBF005E2A5E /* QuickTipUITests */,
				B77FE4872DA30CBC005E2A5E /* Products */,
			);
			sourceTree = "<group>";
		};
		B77FE4872DA30CBC005E2A5E /* Products */ = {
			isa = PBXGroup;
			children = (
				B77FE4862DA30CBC005E2A5E /* QuickTip.app */,
				B77FE4932DA30CBF005E2A5E /* QuickTipTests.xctest */,
				B77FE49D2DA30CBF005E2A5E /* QuickTipUITests.xctest */,
			);
			name = Products;
			sourceTree = "<group>";
		};
/* End PBXGroup section */

/* Begin PBXNativeTarget section */
		B77FE4852DA30CBC005E2A5E /* QuickTip */ = {
			isa = PBXNativeTarget;
			buildConfigurationList = B77FE4A72DA30CBF005E2A5E /* Build configuration list for PBXNativeTarget "QuickTip" */;
			buildPhases = (
				B77FE4822DA30CBC005E2A5E /* Sources */,
				B77FE4832DA30CBC005E2A5E /* Frameworks */,
				B77FE4842DA30CBC005E2A5E /* Resources */,
			);
			buildRules = (
			);
			dependencies = (
			);
			fileSystemSynchronizedGroups = (
				B77FE4882DA30CBC005E2A5E /* QuickTip */,
			);
			name = QuickTip;
			packageProductDependencies = (
			);
			productName = QuickTip;
			productReference = B77FE4862DA30CBC005E2A5E /* QuickTip.app */;
			productType = "com.apple.product-type.application";
		};
		B77FE4922DA30CBF005E2A5E /* QuickTipTests */ = {
			isa = PBXNativeTarget;
			buildConfigurationList = B77FE4AA2DA30CBF005E2A5E /* Build configuration list for PBXNativeTarget "QuickTipTests" */;
			buildPhases = (
				B77FE48F2DA30CBF005E2A5E /* Sources */,
				B77FE4902DA30CBF005E2A5E /* Frameworks */,
				B77FE4912DA30CBF005E2A5E /* Resources */,
			);
			buildRules = (
			);
			dependencies = (
				B77FE4952DA30CBF005E2A5E /* PBXTargetDependency */,
			);
			fileSystemSynchronizedGroups = (
				B77FE4962DA30CBF005E2A5E /* QuickTipTests */,
			);
			name = QuickTipTests;
			packageProductDependencies = (
			);
			productName = QuickTipTests;
			productReference = B77FE4932DA30CBF005E2A5E /* QuickTipTests.xctest */;
			productType = "com.apple.product-type.bundle.unit-test";
		};
		B77FE49C2DA30CBF005E2A5E /* QuickTipUITests */ = {
			isa = PBXNativeTarget;
			buildConfigurationList = B77FE4AD2DA30CBF005E2A5E /* Build configuration list for PBXNativeTarget "QuickTipUITests" */;
			buildPhases = (
				B77FE4992DA30CBF005E2A5E /* Sources */,
				B77FE49A2DA30CBF005E2A5E /* Frameworks */,
				B77FE49B2DA30CBF005E2A5E /* Resources */,
			);
			buildRules = (
			);
			dependencies = (
				B77FE49F2DA30CBF005E2A5E /* PBXTargetDependency */,
			);
			fileSystemSynchronizedGroups = (
				B77FE4A02DA30CBF005E2A5E /* QuickTipUITests */,
			);
			name = QuickTipUITests;
			packageProductDependencies = (
			);
			productName = QuickTipUITests;
			productReference = B77FE49D2DA30CBF005E2A5E /* QuickTipUITests.xctest */;
			productType = "com.apple.product-type.bundle.ui-testing";
		};
/* End PBXNativeTarget section */

/* Begin PBXProject section */
		B77FE47E2DA30CBC005E2A5E /* Project object */ = {
			isa = PBXProject;
			attributes = {
				BuildIndependentTargetsInParallel = 1;
				LastSwiftUpdateCheck = 1630;
				LastUpgradeCheck = 1630;
				TargetAttributes = {
					B77FE4852DA30CBC005E2A5E = {
						CreatedOnToolsVersion = 16.3;
					};
					B77FE4922DA30CBF005E2A5E = {
						CreatedOnToolsVersion = 16.3;
						TestTargetID = B77FE4852DA30CBC005E2A5E;
					};
					B77FE49C2DA30CBF005E2A5E = {
						CreatedOnToolsVersion = 16.3;
						TestTargetID = B77FE4852DA30CBC005E2A5E;
					};
				};
			};
			buildConfigurationList = B77FE4812DA30CBC005E2A5E /* Build configuration list for PBXProject "QuickTip" */;
			developmentRegion = en;
			hasScannedForEncodings = 0;
			knownRegions = (
				en,
				Base,
			);
			mainGroup = B77FE47D2DA30CBC005E2A5E;
			minimizedProjectReferenceProxies = 1;
			preferredProjectObjectVersion = 77;
			productRefGroup = B77FE4872DA30CBC005E2A5E /* Products */;
			projectDirPath = "";
			projectRoot = "";
			targets = (
				B77FE4852DA30CBC005E2A5E /* QuickTip */,
				B77FE4922DA30CBF005E2A5E /* QuickTipTests */,
				B77FE49C2DA30CBF005E2A5E /* QuickTipUITests */,
			);
		};
/* End PBXProject section */

/* Begin PBXResourcesBuildPhase section */
		B77FE4842DA30CBC005E2A5E /* Resources */ = {
			isa = PBXResourcesBuildPhase;
			buildActionMask = 2147483647;
			files = (
			);
			runOnlyForDeploymentPostprocessing = 0;
		};
		B77FE4912DA30CBF005E2A5E /* Resources */ = {
			isa = PBXResourcesBuildPhase;
			buildActionMask = 2147483647;
			files = (
			);
			runOnlyForDeploymentPostprocessing = 0;
		};
		B77FE49B2DA30CBF005E2A5E /* Resources */ = {
			isa = PBXResourcesBuildPhase;
			buildActionMask = 2147483647;
			files = (
			);
			runOnlyForDeploymentPostprocessing = 0;
		};
/* End PBXResourcesBuildPhase section */

/* Begin PBXSourcesBuildPhase section */
		B77FE4822DA30CBC005E2A5E /* Sources */ = {
			isa = PBXSourcesBuildPhase;
			buildActionMask = 2147483647;
			files = (
			);
			runOnlyForDeploymentPostprocessing = 0;
		};
		B77FE48F2DA30CBF005E2A5E /* Sources */ = {
			isa = PBXSourcesBuildPhase;
			buildActionMask = 2147483647;
			files = (
			);
			runOnlyForDeploymentPostprocessing = 0;
		};
		B77FE4992DA30CBF005E2A5E /* Sources */ = {
			isa = PBXSourcesBuildPhase;
			buildActionMask = 2147483647;
			files = (
			);
			runOnlyForDeploymentPostprocessing = 0;
		};
/* End PBXSourcesBuildPhase section */

/* Begin PBXTargetDependency section */
		B77FE4952DA30CBF005E2A5E /* PBXTargetDependency */ = {
			isa = PBXTargetDependency;
			target = B77FE4852DA30CBC005E2A5E /* QuickTip */;
			targetProxy = B77FE4942DA30CBF005E2A5E /* PBXContainerItemProxy */;
		};
		B77FE49F2DA30CBF005E2A5E /* PBXTargetDependency */ = {
			isa = PBXTargetDependency;
			target = B77FE4852DA30CBC005E2A5E /* QuickTip */;
			targetProxy = B77FE49E2DA30CBF005E2A5E /* PBXContainerItemProxy */;
		};
/* End PBXTargetDependency section */

/* Begin XCBuildConfiguration section */
		B77FE4A52DA30CBF005E2A5E /* Debug */ = {
			isa = XCBuildConfiguration;
			buildSettings = {
				ALWAYS_SEARCH_USER_PATHS = NO;
				ASSETCATALOG_COMPILER_GENERATE_SWIFT_ASSET_SYMBOL_EXTENSIONS = YES;
				CLANG_ANALYZER_NONNULL = YES;
				CLANG_ANALYZER_NUMBER_OBJECT_CONVERSION = YES_AGGRESSIVE;
				CLANG_CXX_LANGUAGE_STANDARD = "gnu++20";
				CLANG_ENABLE_MODULES = YES;
				CLANG_ENABLE_OBJC_ARC = YES;
				CLANG_ENABLE_OBJC_WEAK = YES;
				CLANG_WARN_BLOCK_CAPTURE_AUTORELEASING = YES;
				CLANG_WARN_BOOL_CONVERSION = YES;
				CLANG_WARN_COMMA = YES;
				CLANG_WARN_CONSTANT_CONVERSION = YES;
				CLANG_WARN_DEPRECATED_OBJC_IMPLEMENTATIONS = YES;
				CLANG_WARN_DIRECT_OBJC_ISA_USAGE = YES_ERROR;
				CLANG_WARN_DOCUMENTATION_COMMENTS = YES;
				CLANG_WARN_EMPTY_BODY = YES;
				CLANG_WARN_ENUM_CONVERSION = YES;
				CLANG_WARN_INFINITE_RECURSION = YES;
				CLANG_WARN_INT_CONVERSION = YES;
				CLANG_WARN_NON_LITERAL_NULL_CONVERSION = YES;
				CLANG_WARN_OBJC_IMPLICIT_RETAIN_SELF = YES;
				CLANG_WARN_OBJC_LITERAL_CONVERSION = YES;
				CLANG_WARN_OBJC_ROOT_CLASS = YES_ERROR;
				CLANG_WARN_QUOTED_INCLUDE_IN_FRAMEWORK_HEADER = YES;
				CLANG_WARN_RANGE_LOOP_ANALYSIS = YES;
				CLANG_WARN_STRICT_PROTOTYPES = YES;
				CLANG_WARN_SUSPICIOUS_MOVE = YES;
				CLANG_WARN_UNGUARDED_AVAILABILITY = YES_AGGRESSIVE;
				CLANG_WARN_UNREACHABLE_CODE = YES;
				CLANG_WARN__DUPLICATE_METHOD_MATCH = YES;
				COPY_PHASE_STRIP = NO;
				DEBUG_INFORMATION_FORMAT = dwarf;
				ENABLE_STRICT_OBJC_MSGSEND = YES;
				ENABLE_TESTABILITY = YES;
				ENABLE_USER_SCRIPT_SANDBOXING = YES;
				GCC_C_LANGUAGE_STANDARD = gnu17;
				GCC_DYNAMIC_NO_PIC = NO;
				GCC_NO_COMMON_BLOCKS = YES;
				GCC_OPTIMIZATION_LEVEL = 0;
				GCC_PREPROCESSOR_DEFINITIONS = (
					"DEBUG=1",
					"$(inherited)",
				);
				GCC_WARN_64_TO_32_BIT_CONVERSION = YES;
				GCC_WARN_ABOUT_RETURN_TYPE = YES_ERROR;
				GCC_WARN_UNDECLARED_SELECTOR = YES;
				GCC_WARN_UNINITIALIZED_AUTOS = YES_AGGRESSIVE;
				GCC_WARN_UNUSED_FUNCTION = YES;
				GCC_WARN_UNUSED_VARIABLE = YES;
				IPHONEOS_DEPLOYMENT_TARGET = 18.4;
				LOCALIZATION_PREFERS_STRING_CATALOGS = YES;
				MTL_ENABLE_DEBUG_INFO = INCLUDE_SOURCE;
				MTL_FAST_MATH = YES;
				ONLY_ACTIVE_ARCH = YES;
				SDKROOT = iphoneos;
				SWIFT_ACTIVE_COMPILATION_CONDITIONS = "DEBUG $(inherited)";
				SWIFT_OPTIMIZATION_LEVEL = "-Onone";
			};
			name = Debug;
		};
		B77FE4A62DA30CBF005E2A5E /* Release */ = {
			isa = XCBuildConfiguration;
			buildSettings = {
				ALWAYS_SEARCH_USER_PATHS = NO;
				ASSETCATALOG_COMPILER_GENERATE_SWIFT_ASSET_SYMBOL_EXTENSIONS = YES;
				CLANG_ANALYZER_NONNULL = YES;
				CLANG_ANALYZER_NUMBER_OBJECT_CONVERSION = YES_AGGRESSIVE;
				CLANG_CXX_LANGUAGE_STANDARD = "gnu++20";
				CLANG_ENABLE_MODULES = YES;
				CLANG_ENABLE_OBJC_ARC = YES;
				CLANG_ENABLE_OBJC_WEAK = YES;
				CLANG_WARN_BLOCK_CAPTURE_AUTORELEASING = YES;
				CLANG_WARN_BOOL_CONVERSION = YES;
				CLANG_WARN_COMMA = YES;
				CLANG_WARN_CONSTANT_CONVERSION = YES;
				CLANG_WARN_DEPRECATED_OBJC_IMPLEMENTATIONS = YES;
				CLANG_WARN_DIRECT_OBJC_ISA_USAGE = YES_ERROR;
				CLANG_WARN_DOCUMENTATION_COMMENTS = YES;
				CLANG_WARN_EMPTY_BODY = YES;
				CLANG_WARN_ENUM_CONVERSION = YES;
				CLANG_WARN_INFINITE_RECURSION = YES;
				CLANG_WARN_INT_CONVERSION = YES;
				CLANG_WARN_NON_LITERAL_NULL_CONVERSION = YES;
				CLANG_WARN_OBJC_IMPLICIT_RETAIN_SELF = YES;
				CLANG_WARN_OBJC_LITERAL_CONVERSION = YES;
				CLANG_WARN_OBJC_ROOT_CLASS = YES_ERROR;
				CLANG_WARN_QUOTED_INCLUDE_IN_FRAMEWORK_HEADER = YES;
				CLANG_WARN_RANGE_LOOP_ANALYSIS = YES;
				CLANG_WARN_STRICT_PROTOTYPES = YES;
				CLANG_WARN_SUSPICIOUS_MOVE = YES;
				CLANG_WARN_UNGUARDED_AVAILABILITY = YES_AGGRESSIVE;
				CLANG_WARN_UNREACHABLE_CODE = YES;
				CLANG_WARN__DUPLICATE_METHOD_MATCH = YES;
				COPY_PHASE_STRIP = NO;
				DEBUG_INFORMATION_FORMAT = "dwarf-with-dsym";
				ENABLE_NS_ASSERTIONS = NO;
				ENABLE_STRICT_OBJC_MSGSEND = YES;
				ENABLE_USER_SCRIPT_SANDBOXING = YES;
				GCC_C_LANGUAGE_STANDARD = gnu17;
				GCC_NO_COMMON_BLOCKS = YES;
				GCC_WARN_64_TO_32_BIT_CONVERSION = YES;
				GCC_WARN_ABOUT_RETURN_TYPE = YES_ERROR;
				GCC_WARN_UNDECLARED_SELECTOR = YES;
				GCC_WARN_UNINITIALIZED_AUTOS = YES_AGGRESSIVE;
				GCC_WARN_UNUSED_FUNCTION = YES;
				GCC_WARN_UNUSED_VARIABLE = YES;
				IPHONEOS_DEPLOYMENT_TARGET = 18.4;
				LOCALIZATION_PREFERS_STRING_CATALOGS = YES;
				MTL_ENABLE_DEBUG_INFO = NO;
				MTL_FAST_MATH = YES;
				SDKROOT = iphoneos;
				SWIFT_COMPILATION_MODE = wholemodule;
				VALIDATE_PRODUCT = YES;
			};
			name = Release;
		};
		B77FE4A82DA30CBF005E2A5E /* Debug */ = {
			isa = XCBuildConfiguration;
			buildSettings = {
				ASSETCATALOG_COMPILER_APPICON_NAME = AppIcon;
				ASSETCATALOG_COMPILER_GLOBAL_ACCENT_COLOR_NAME = AccentColor;
				CODE_SIGN_STYLE = Automatic;
				CURRENT_PROJECT_VERSION = 1;
				DEVELOPMENT_TEAM = H9878L67QY;
				ENABLE_PREVIEWS = YES;
				GENERATE_INFOPLIST_FILE = YES;
				INFOPLIST_KEY_UIApplicationSceneManifest_Generation = YES;
				INFOPLIST_KEY_UIApplicationSupportsIndirectInputEvents = YES;
				INFOPLIST_KEY_UILaunchScreen_Generation = YES;
				INFOPLIST_KEY_UISupportedInterfaceOrientations_iPad = "UIInterfaceOrientationPortrait UIInterfaceOrientationPortraitUpsideDown UIInterfaceOrientationLandscapeLeft UIInterfaceOrientationLandscapeRight";
				INFOPLIST_KEY_UISupportedInterfaceOrientations_iPhone = "UIInterfaceOrientationPortrait UIInterfaceOrientationLandscapeLeft UIInterfaceOrientationLandscapeRight";
				LD_RUNPATH_SEARCH_PATHS = (
					"$(inherited)",
					"@executable_path/Frameworks",
				);
				MARKETING_VERSION = 1.0;
				PRODUCT_BUNDLE_IDENTIFIER = com.abhi.QuickTip;
				PRODUCT_NAME = "$(TARGET_NAME)";
				SWIFT_EMIT_LOC_STRINGS = YES;
				SWIFT_VERSION = 5.0;
				TARGETED_DEVICE_FAMILY = "1,2";
			};
			name = Debug;
		};
		B77FE4A92DA30CBF005E2A5E /* Release */ = {
			isa = XCBuildConfiguration;
			buildSettings = {
				ASSETCATALOG_COMPILER_APPICON_NAME = AppIcon;
				ASSETCATALOG_COMPILER_GLOBAL_ACCENT_COLOR_NAME = AccentColor;
				CODE_SIGN_STYLE = Automatic;
				CURRENT_PROJECT_VERSION = 1;
				DEVELOPMENT_TEAM = H9878L67QY;
				ENABLE_PREVIEWS = YES;
				GENERATE_INFOPLIST_FILE = YES;
				INFOPLIST_KEY_UIApplicationSceneManifest_Generation = YES;
				INFOPLIST_KEY_UIApplicationSupportsIndirectInputEvents = YES;
				INFOPLIST_KEY_UILaunchScreen_Generation = YES;
				INFOPLIST_KEY_UISupportedInterfaceOrientations_iPad = "UIInterfaceOrientationPortrait UIInterfaceOrientationPortraitUpsideDown UIInterfaceOrientationLandscapeLeft UIInterfaceOrientationLandscapeRight";
				INFOPLIST_KEY_UISupportedInterfaceOrientations_iPhone = "UIInterfaceOrientationPortrait UIInterfaceOrientationLandscapeLeft UIInterfaceOrientationLandscapeRight";
				LD_RUNPATH_SEARCH_PATHS = (
					"$(inherited)",
					"@executable_path/Frameworks",
				);
				MARKETING_VERSION = 1.0;
				PRODUCT_BUNDLE_IDENTIFIER = com.abhi.QuickTip;
				PRODUCT_NAME = "$(TARGET_NAME)";
				SWIFT_EMIT_LOC_STRINGS = YES;
				SWIFT_VERSION = 5.0;
				TARGETED_DEVICE_FAMILY = "1,2";
			};
			name = Release;
		};
		B77FE4AB2DA30CBF005E2A5E /* Debug */ = {
			isa = XCBuildConfiguration;
			buildSettings = {
				BUNDLE_LOADER = "$(TEST_HOST)";
				CODE_SIGN_STYLE = Automatic;
				CURRENT_PROJECT_VERSION = 1;
				GENERATE_INFOPLIST_FILE = YES;
				IPHONEOS_DEPLOYMENT_TARGET = 18.4;
				MARKETING_VERSION = 1.0;
				PRODUCT_BUNDLE_IDENTIFIER = com.abhi.QuickTipTests;
				PRODUCT_NAME = "$(TARGET_NAME)";
				SWIFT_EMIT_LOC_STRINGS = NO;
				SWIFT_VERSION = 5.0;
				TARGETED_DEVICE_FAMILY = "1,2";
				TEST_HOST = "$(BUILT_PRODUCTS_DIR)/QuickTip.app/$(BUNDLE_EXECUTABLE_FOLDER_PATH)/QuickTip";
			};
			name = Debug;
		};
		B77FE4AC2DA30CBF005E2A5E /* Release */ = {
			isa = XCBuildConfiguration;
			buildSettings = {
				BUNDLE_LOADER = "$(TEST_HOST)";
				CODE_SIGN_STYLE = Automatic;
				CURRENT_PROJECT_VERSION = 1;
				GENERATE_INFOPLIST_FILE = YES;
				IPHONEOS_DEPLOYMENT_TARGET = 18.4;
				MARKETING_VERSION = 1.0;
				PRODUCT_BUNDLE_IDENTIFIER = com.abhi.QuickTipTests;
				PRODUCT_NAME = "$(TARGET_NAME)";
				SWIFT_EMIT_LOC_STRINGS = NO;
				SWIFT_VERSION = 5.0;
				TARGETED_DEVICE_FAMILY = "1,2";
				TEST_HOST = "$(BUILT_PRODUCTS_DIR)/QuickTip.app/$(BUNDLE_EXECUTABLE_FOLDER_PATH)/QuickTip";
			};
			name = Release;
		};
		B77FE4AE2DA30CBF005E2A5E /* Debug */ = {
			isa = XCBuildConfiguration;
			buildSettings = {
				CODE_SIGN_STYLE = Automatic;
				CURRENT_PROJECT_VERSION = 1;
				GENERATE_INFOPLIST_FILE = YES;
				MARKETING_VERSION = 1.0;
				PRODUCT_BUNDLE_IDENTIFIER = com.abhi.QuickTipUITests;
				PRODUCT_NAME = "$(TARGET_NAME)";
				SWIFT_EMIT_LOC_STRINGS = NO;
				SWIFT_VERSION = 5.0;
				TARGETED_DEVICE_FAMILY = "1,2";
				TEST_TARGET_NAME = QuickTip;
			};
			name = Debug;
		};
		B77FE4AF2DA30CBF005E2A5E /* Release */ = {
			isa = XCBuildConfiguration;
			buildSettings = {
				CODE_SIGN_STYLE = Automatic;
				CURRENT_PROJECT_VERSION = 1;
				GENERATE_INFOPLIST_FILE = YES;
				MARKETING_VERSION = 1.0;
				PRODUCT_BUNDLE_IDENTIFIER = com.abhi.QuickTipUITests;
				PRODUCT_NAME = "$(TARGET_NAME)";
				SWIFT_EMIT_LOC_STRINGS = NO;
				SWIFT_VERSION = 5.0;
				TARGETED_DEVICE_FAMILY = "1,2";
				TEST_TARGET_NAME = QuickTip;
			};
			name = Release;
		};
/* End XCBuildConfiguration section */

/* Begin XCConfigurationList section */
		B77FE4812DA30CBC005E2A5E /* Build configuration list for PBXProject "QuickTip" */ = {
			isa = XCConfigurationList;
			buildConfigurations = (
				B77FE4A52DA30CBF005E2A5E /* Debug */,
				B77FE4A62DA30CBF005E2A5E /* Release */,
			);
			defaultConfigurationIsVisible = 0;
			defaultConfigurationName = Release;
		};
		B77FE4A72DA30CBF005E2A5E /* Build configuration list for PBXNativeTarget "QuickTip" */ = {
			isa = XCConfigurationList;
			buildConfigurations = (
				B77FE4A82DA30CBF005E2A5E /* Debug */,
				B77FE4A92DA30CBF005E2A5E /* Release */,
			);
			defaultConfigurationIsVisible = 0;
			defaultConfigurationName = Release;
		};
		B77FE4AA2DA30CBF005E2A5E /* Build configuration list for PBXNativeTarget "QuickTipTests" */ = {
			isa = XCConfigurationList;
			buildConfigurations = (
				B77FE4AB2DA30CBF005E2A5E /* Debug */,
				B77FE4AC2DA30CBF005E2A5E /* Release */,
			);
			defaultConfigurationIsVisible = 0;
			defaultConfigurationName = Release;
		};
		B77FE4AD2DA30CBF005E2A5E /* Build configuration list for PBXNativeTarget "QuickTipUITests" */ = {
			isa = XCConfigurationList;
			buildConfigurations = (
				B77FE4AE2DA30CBF005E2A5E /* Debug */,
				B77FE4AF2DA30CBF005E2A5E /* Release */,
			);
			defaultConfigurationIsVisible = 0;
			defaultConfigurationName = Release;
		};
/* End XCConfigurationList section */
	};
	rootObject = B77FE47E2DA30CBC005E2A5E /* Project object */;
}
